// !$*UTF8*$!
{
	archiveVersion = 1;
	classes = {
	};
	objectVersion = 51;
	objects = {

/* Begin PBXBuildFile section */
		1DA754F5B991D29737382A6E /* Pods_Food_Delivery_Service_Food_Delivery_ServiceUITests.framework in Frameworks */ = {isa = PBXBuildFile; fileRef = CA9328759E54A6B88C8499A2 /* Pods_Food_Delivery_Service_Food_Delivery_ServiceUITests.framework */; };
		25361BA425955934003EF914 /* Reachability.swift in Sources */ = {isa = PBXBuildFile; fileRef = 25361BA325955934003EF914 /* Reachability.swift */; };
		25361BC625955A3B003EF914 /* Downloader.swift in Sources */ = {isa = PBXBuildFile; fileRef = 25361BC525955A3B003EF914 /* Downloader.swift */; };
		25361BD825967276003EF914 /* ItemDetailCollectionReusableView.swift in Sources */ = {isa = PBXBuildFile; fileRef = 25361BD725967276003EF914 /* ItemDetailCollectionReusableView.swift */; };
		25361BDD2596728D003EF914 /* ItemDetailCell.swift in Sources */ = {isa = PBXBuildFile; fileRef = 25361BDC2596728D003EF914 /* ItemDetailCell.swift */; };
		25361BEA2596AACE003EF914 /* AddItemController+Gallery.swift in Sources */ = {isa = PBXBuildFile; fileRef = 25361BE92596AACE003EF914 /* AddItemController+Gallery.swift */; };
		253C4B83251EB0AA00135ADC /* ItemsController.swift in Sources */ = {isa = PBXBuildFile; fileRef = 253C4B82251EB0AA00135ADC /* ItemsController.swift */; };
		253C4B88251EB0CA00135ADC /* ItemCell.swift in Sources */ = {isa = PBXBuildFile; fileRef = 253C4B87251EB0CA00135ADC /* ItemCell.swift */; };
		253C4B90251EB0E900135ADC /* ItemController+UITableView.swift in Sources */ = {isa = PBXBuildFile; fileRef = 253C4B8F251EB0E900135ADC /* ItemController+UITableView.swift */; };
		253C4B98251EB10300135ADC /* Item.swift in Sources */ = {isa = PBXBuildFile; fileRef = 253C4B97251EB10300135ADC /* Item.swift */; };
		25578BDD2596F55F0004D00D /* OrderItem.swift in Sources */ = {isa = PBXBuildFile; fileRef = 25578BDC2596F55F0004D00D /* OrderItem.swift */; };
		2560AB2D24F710A000844F29 /* BTTextfield.swift in Sources */ = {isa = PBXBuildFile; fileRef = 2560AB2C24F710A000844F29 /* BTTextfield.swift */; };
		2560AB2F24F7114C00844F29 /* LoginController.swift in Sources */ = {isa = PBXBuildFile; fileRef = 2560AB2E24F7114C00844F29 /* LoginController.swift */; };
		2573ECC3259ADE55000144CB /* ProfileHeaderCell.swift in Sources */ = {isa = PBXBuildFile; fileRef = 2573ECC2259ADE55000144CB /* ProfileHeaderCell.swift */; };
		257AE0EC252CCDC6007318B1 /* ItemDetailController.swift in Sources */ = {isa = PBXBuildFile; fileRef = 257AE0EB252CCDC6007318B1 /* ItemDetailController.swift */; };
		257AE10D2530C315007318B1 /* Basket.swift in Sources */ = {isa = PBXBuildFile; fileRef = 257AE10C2530C315007318B1 /* Basket.swift */; };
		257AE13025310651007318B1 /* OrderController.swift in Sources */ = {isa = PBXBuildFile; fileRef = 257AE12F25310651007318B1 /* OrderController.swift */; };
		257AE13625316843007318B1 /* OrderController+TableView.swift in Sources */ = {isa = PBXBuildFile; fileRef = 257AE13525316843007318B1 /* OrderController+TableView.swift */; };
		257AE1782531729B007318B1 /* OrderCell.swift in Sources */ = {isa = PBXBuildFile; fileRef = 257AE1772531729B007318B1 /* OrderCell.swift */; };
		2581801B253BAA3C007AAE14 /* ItemDetail+UICollectionView.swift in Sources */ = {isa = PBXBuildFile; fileRef = 2581801A253BAA3C007AAE14 /* ItemDetail+UICollectionView.swift */; };
		25818023253DEE88007AAE14 /* MUser.swift in Sources */ = {isa = PBXBuildFile; fileRef = 25818022253DEE88007AAE14 /* MUser.swift */; };
		25818028253F34A9007AAE14 /* ForgotPasswordController.swift in Sources */ = {isa = PBXBuildFile; fileRef = 25818027253F34A9007AAE14 /* ForgotPasswordController.swift */; };
		2592815224F201B800D96B2D /* Category.swift in Sources */ = {isa = PBXBuildFile; fileRef = 2592815124F201B800D96B2D /* Category.swift */; };
		2592815624F2224C00D96B2D /* BTButton.swift in Sources */ = {isa = PBXBuildFile; fileRef = 2592815524F2224C00D96B2D /* BTButton.swift */; };
		2592815924F2283100D96B2D /* WelcomeController.swift in Sources */ = {isa = PBXBuildFile; fileRef = 2592815824F2283100D96B2D /* WelcomeController.swift */; };
		2592815B24F2286100D96B2D /* BTLabel.swift in Sources */ = {isa = PBXBuildFile; fileRef = 2592815A24F2286100D96B2D /* BTLabel.swift */; };
		25A806D924EE0A80004E99C2 /* MenuController.swift in Sources */ = {isa = PBXBuildFile; fileRef = 25A806D824EE0A80004E99C2 /* MenuController.swift */; };
		25A806DE24EE1F1A004E99C2 /* Constants.swift in Sources */ = {isa = PBXBuildFile; fileRef = 25A806DD24EE1F1A004E99C2 /* Constants.swift */; };
		25A806E024EE1F32004E99C2 /* MenuCell.swift in Sources */ = {isa = PBXBuildFile; fileRef = 25A806DF24EE1F32004E99C2 /* MenuCell.swift */; };
		25A806F224EF758E004E99C2 /* FirebaseCollectionReference.swift in Sources */ = {isa = PBXBuildFile; fileRef = 25A806F124EF758E004E99C2 /* FirebaseCollectionReference.swift */; };
		25A806F524EF8BDC004E99C2 /* ReachabilityManager.swift in Sources */ = {isa = PBXBuildFile; fileRef = 25A806F424EF8BDC004E99C2 /* ReachabilityManager.swift */; };
		25CB61B2250F15CC00752646 /* MenuController+UICollectionView.swift in Sources */ = {isa = PBXBuildFile; fileRef = 25CB61B1250F15CC00752646 /* MenuController+UICollectionView.swift */; };
		25D9B7F72528E6D700B13C22 /* AddItemController.swift in Sources */ = {isa = PBXBuildFile; fileRef = 25D9B7F62528E6D700B13C22 /* AddItemController.swift */; };
		25D9B845252B6EF700B13C22 /* Helpers.swift in Sources */ = {isa = PBXBuildFile; fileRef = 25D9B844252B6EF700B13C22 /* Helpers.swift */; };
		25D9B84A252B778400B13C22 /* CurrencyTextField.swift in Sources */ = {isa = PBXBuildFile; fileRef = 25D9B849252B778400B13C22 /* CurrencyTextField.swift */; };
		25D9B851252B791400B13C22 /* Currency.swift in Sources */ = {isa = PBXBuildFile; fileRef = 25D9B850252B791400B13C22 /* Currency.swift */; };
		25EA529825073B7800A877EB /* SignUpController.swift in Sources */ = {isa = PBXBuildFile; fileRef = 25EA529725073B7800A877EB /* SignUpController.swift */; };
		2DDEE8CA1894CEE67757684F /* Pods_Food_Delivery_ServiceTests.framework in Frameworks */ = {isa = PBXBuildFile; fileRef = C28E1A6702AD6EE540C2F227 /* Pods_Food_Delivery_ServiceTests.framework */; };
		65E77938414660F19E8D2DDC /* Pods_Food_Delivery_Service.framework in Frameworks */ = {isa = PBXBuildFile; fileRef = 89AE6C20672E69012B5696D6 /* Pods_Food_Delivery_Service.framework */; };
		8379BAE424EB5F1700EE8EB9 /* Menu.storyboard in Resources */ = {isa = PBXBuildFile; fileRef = 8379BAE324EB5F1700EE8EB9 /* Menu.storyboard */; };
		8379BAE624EB5F2D00EE8EB9 /* MyOrder.storyboard in Resources */ = {isa = PBXBuildFile; fileRef = 8379BAE524EB5F2D00EE8EB9 /* MyOrder.storyboard */; };
		8379BAE824EB5F3E00EE8EB9 /* Favourite.storyboard in Resources */ = {isa = PBXBuildFile; fileRef = 8379BAE724EB5F3E00EE8EB9 /* Favourite.storyboard */; };
		8379BAEA24EB5F5700EE8EB9 /* Profile.storyboard in Resources */ = {isa = PBXBuildFile; fileRef = 8379BAE924EB5F5700EE8EB9 /* Profile.storyboard */; };
		8379BAEC24EB76A000EE8EB9 /* Authentication.storyboard in Resources */ = {isa = PBXBuildFile; fileRef = 8379BAEB24EB76A000EE8EB9 /* Authentication.storyboard */; };
		8379BAEE24EB7E8400EE8EB9 /* Color.swift in Sources */ = {isa = PBXBuildFile; fileRef = 8379BAED24EB7E8400EE8EB9 /* Color.swift */; };
		8379BAF024EB7E9000EE8EB9 /* Font.swift in Sources */ = {isa = PBXBuildFile; fileRef = 8379BAEF24EB7E9000EE8EB9 /* Font.swift */; };
		8379BAF224EB7EA100EE8EB9 /* String.swift in Sources */ = {isa = PBXBuildFile; fileRef = 8379BAF124EB7EA100EE8EB9 /* String.swift */; };
		83B22EB12548D146005806DC /* ProfileController.swift in Sources */ = {isa = PBXBuildFile; fileRef = 83B22EB02548D146005806DC /* ProfileController.swift */; };
		83B22EBB2548D3CB005806DC /* ProfileModel.swift in Sources */ = {isa = PBXBuildFile; fileRef = 83B22EBA2548D3CB005806DC /* ProfileModel.swift */; };
		83B22F112548E21C005806DC /* ProfileController+TableView.swift in Sources */ = {isa = PBXBuildFile; fileRef = 83B22F102548E21C005806DC /* ProfileController+TableView.swift */; };
		83B22F472548E2E2005806DC /* ProfileCell.swift in Sources */ = {isa = PBXBuildFile; fileRef = 83B22F462548E2E2005806DC /* ProfileCell.swift */; };
		83C4CAB324E8AEAC000841D2 /* AppDelegate.swift in Sources */ = {isa = PBXBuildFile; fileRef = 83C4CAB224E8AEAC000841D2 /* AppDelegate.swift */; };
		83C4CAB524E8AEAC000841D2 /* SceneDelegate.swift in Sources */ = {isa = PBXBuildFile; fileRef = 83C4CAB424E8AEAC000841D2 /* SceneDelegate.swift */; };
		83C4CABA24E8AEAC000841D2 /* Main.storyboard in Resources */ = {isa = PBXBuildFile; fileRef = 83C4CAB824E8AEAC000841D2 /* Main.storyboard */; };
		83C4CABC24E8AEB1000841D2 /* Assets.xcassets in Resources */ = {isa = PBXBuildFile; fileRef = 83C4CABB24E8AEB1000841D2 /* Assets.xcassets */; };
		83C4CABF24E8AEB1000841D2 /* LaunchScreen.storyboard in Resources */ = {isa = PBXBuildFile; fileRef = 83C4CABD24E8AEB1000841D2 /* LaunchScreen.storyboard */; };
		83C4CACA24E8AEB1000841D2 /* Food_Delivery_ServiceTests.swift in Sources */ = {isa = PBXBuildFile; fileRef = 83C4CAC924E8AEB1000841D2 /* Food_Delivery_ServiceTests.swift */; };
		83C4CAD524E8AEB1000841D2 /* Food_Delivery_ServiceUITests.swift in Sources */ = {isa = PBXBuildFile; fileRef = 83C4CAD424E8AEB1000841D2 /* Food_Delivery_ServiceUITests.swift */; };
		83C4CAE324E8B129000841D2 /* GoogleService-Info.plist in Resources */ = {isa = PBXBuildFile; fileRef = 83C4CAE224E8B129000841D2 /* GoogleService-Info.plist */; };
		83FDDD1D2548EAEC00E134C2 /* TabbarController.swift in Sources */ = {isa = PBXBuildFile; fileRef = 83FDDD1C2548EAEC00E134C2 /* TabbarController.swift */; };
/* End PBXBuildFile section */

/* Begin PBXContainerItemProxy section */
		83C4CAC624E8AEB1000841D2 /* PBXContainerItemProxy */ = {
			isa = PBXContainerItemProxy;
			containerPortal = 83C4CAA724E8AEAC000841D2 /* Project object */;
			proxyType = 1;
			remoteGlobalIDString = 83C4CAAE24E8AEAC000841D2;
			remoteInfo = "Food Delivery Service";
		};
		83C4CAD124E8AEB1000841D2 /* PBXContainerItemProxy */ = {
			isa = PBXContainerItemProxy;
			containerPortal = 83C4CAA724E8AEAC000841D2 /* Project object */;
			proxyType = 1;
			remoteGlobalIDString = 83C4CAAE24E8AEAC000841D2;
			remoteInfo = "Food Delivery Service";
		};
/* End PBXContainerItemProxy section */

/* Begin PBXFileReference section */
		25361BA325955934003EF914 /* Reachability.swift */ = {isa = PBXFileReference; lastKnownFileType = sourcecode.swift; path = Reachability.swift; sourceTree = "<group>"; };
		25361BC525955A3B003EF914 /* Downloader.swift */ = {isa = PBXFileReference; lastKnownFileType = sourcecode.swift; path = Downloader.swift; sourceTree = "<group>"; };
		25361BD725967276003EF914 /* ItemDetailCollectionReusableView.swift */ = {isa = PBXFileReference; lastKnownFileType = sourcecode.swift; path = ItemDetailCollectionReusableView.swift; sourceTree = "<group>"; };
		25361BDC2596728D003EF914 /* ItemDetailCell.swift */ = {isa = PBXFileReference; lastKnownFileType = sourcecode.swift; path = ItemDetailCell.swift; sourceTree = "<group>"; };
		25361BE92596AACE003EF914 /* AddItemController+Gallery.swift */ = {isa = PBXFileReference; lastKnownFileType = sourcecode.swift; path = "AddItemController+Gallery.swift"; sourceTree = "<group>"; };
		253C4B82251EB0AA00135ADC /* ItemsController.swift */ = {isa = PBXFileReference; lastKnownFileType = sourcecode.swift; path = ItemsController.swift; sourceTree = "<group>"; };
		253C4B87251EB0CA00135ADC /* ItemCell.swift */ = {isa = PBXFileReference; lastKnownFileType = sourcecode.swift; path = ItemCell.swift; sourceTree = "<group>"; };
		253C4B8F251EB0E900135ADC /* ItemController+UITableView.swift */ = {isa = PBXFileReference; lastKnownFileType = sourcecode.swift; path = "ItemController+UITableView.swift"; sourceTree = "<group>"; };
		253C4B97251EB10300135ADC /* Item.swift */ = {isa = PBXFileReference; lastKnownFileType = sourcecode.swift; path = Item.swift; sourceTree = "<group>"; };
		25578BDC2596F55F0004D00D /* OrderItem.swift */ = {isa = PBXFileReference; lastKnownFileType = sourcecode.swift; path = OrderItem.swift; sourceTree = "<group>"; };
		2560AB2C24F710A000844F29 /* BTTextfield.swift */ = {isa = PBXFileReference; lastKnownFileType = sourcecode.swift; path = BTTextfield.swift; sourceTree = "<group>"; };
		2560AB2E24F7114C00844F29 /* LoginController.swift */ = {isa = PBXFileReference; lastKnownFileType = sourcecode.swift; path = LoginController.swift; sourceTree = "<group>"; };
		2573ECC2259ADE55000144CB /* ProfileHeaderCell.swift */ = {isa = PBXFileReference; lastKnownFileType = sourcecode.swift; path = ProfileHeaderCell.swift; sourceTree = "<group>"; };
		257AE0EB252CCDC6007318B1 /* ItemDetailController.swift */ = {isa = PBXFileReference; lastKnownFileType = sourcecode.swift; path = ItemDetailController.swift; sourceTree = "<group>"; };
		257AE10C2530C315007318B1 /* Basket.swift */ = {isa = PBXFileReference; lastKnownFileType = sourcecode.swift; path = Basket.swift; sourceTree = "<group>"; };
		257AE12F25310651007318B1 /* OrderController.swift */ = {isa = PBXFileReference; lastKnownFileType = sourcecode.swift; path = OrderController.swift; sourceTree = "<group>"; };
		257AE13525316843007318B1 /* OrderController+TableView.swift */ = {isa = PBXFileReference; lastKnownFileType = sourcecode.swift; path = "OrderController+TableView.swift"; sourceTree = "<group>"; };
		257AE1772531729B007318B1 /* OrderCell.swift */ = {isa = PBXFileReference; lastKnownFileType = sourcecode.swift; path = OrderCell.swift; sourceTree = "<group>"; };
		2581801A253BAA3C007AAE14 /* ItemDetail+UICollectionView.swift */ = {isa = PBXFileReference; lastKnownFileType = sourcecode.swift; path = "ItemDetail+UICollectionView.swift"; sourceTree = "<group>"; };
		25818022253DEE88007AAE14 /* MUser.swift */ = {isa = PBXFileReference; lastKnownFileType = sourcecode.swift; path = MUser.swift; sourceTree = "<group>"; };
		25818027253F34A9007AAE14 /* ForgotPasswordController.swift */ = {isa = PBXFileReference; lastKnownFileType = sourcecode.swift; path = ForgotPasswordController.swift; sourceTree = "<group>"; };
		2592815124F201B800D96B2D /* Category.swift */ = {isa = PBXFileReference; lastKnownFileType = sourcecode.swift; path = Category.swift; sourceTree = "<group>"; };
		2592815524F2224C00D96B2D /* BTButton.swift */ = {isa = PBXFileReference; lastKnownFileType = sourcecode.swift; path = BTButton.swift; sourceTree = "<group>"; };
		2592815824F2283100D96B2D /* WelcomeController.swift */ = {isa = PBXFileReference; lastKnownFileType = sourcecode.swift; path = WelcomeController.swift; sourceTree = "<group>"; };
		2592815A24F2286100D96B2D /* BTLabel.swift */ = {isa = PBXFileReference; lastKnownFileType = sourcecode.swift; path = BTLabel.swift; sourceTree = "<group>"; };
		25A806D824EE0A80004E99C2 /* MenuController.swift */ = {isa = PBXFileReference; lastKnownFileType = sourcecode.swift; path = MenuController.swift; sourceTree = "<group>"; };
		25A806DD24EE1F1A004E99C2 /* Constants.swift */ = {isa = PBXFileReference; lastKnownFileType = sourcecode.swift; path = Constants.swift; sourceTree = "<group>"; };
		25A806DF24EE1F32004E99C2 /* MenuCell.swift */ = {isa = PBXFileReference; lastKnownFileType = sourcecode.swift; path = MenuCell.swift; sourceTree = "<group>"; };
		25A806F124EF758E004E99C2 /* FirebaseCollectionReference.swift */ = {isa = PBXFileReference; lastKnownFileType = sourcecode.swift; path = FirebaseCollectionReference.swift; sourceTree = "<group>"; };
		25A806F424EF8BDC004E99C2 /* ReachabilityManager.swift */ = {isa = PBXFileReference; lastKnownFileType = sourcecode.swift; path = ReachabilityManager.swift; sourceTree = "<group>"; };
		25CB61B1250F15CC00752646 /* MenuController+UICollectionView.swift */ = {isa = PBXFileReference; lastKnownFileType = sourcecode.swift; path = "MenuController+UICollectionView.swift"; sourceTree = "<group>"; };
		25D9B7F62528E6D700B13C22 /* AddItemController.swift */ = {isa = PBXFileReference; lastKnownFileType = sourcecode.swift; path = AddItemController.swift; sourceTree = "<group>"; };
		25D9B844252B6EF700B13C22 /* Helpers.swift */ = {isa = PBXFileReference; lastKnownFileType = sourcecode.swift; path = Helpers.swift; sourceTree = "<group>"; };
		25D9B849252B778400B13C22 /* CurrencyTextField.swift */ = {isa = PBXFileReference; lastKnownFileType = sourcecode.swift; path = CurrencyTextField.swift; sourceTree = "<group>"; };
		25D9B850252B791400B13C22 /* Currency.swift */ = {isa = PBXFileReference; lastKnownFileType = sourcecode.swift; path = Currency.swift; sourceTree = "<group>"; };
		25EA529725073B7800A877EB /* SignUpController.swift */ = {isa = PBXFileReference; lastKnownFileType = sourcecode.swift; path = SignUpController.swift; sourceTree = "<group>"; };
		5059F7465F2E945D9FB01AF4 /* Pods-Food Delivery ServiceTests.release.xcconfig */ = {isa = PBXFileReference; includeInIndex = 1; lastKnownFileType = text.xcconfig; name = "Pods-Food Delivery ServiceTests.release.xcconfig"; path = "Target Support Files/Pods-Food Delivery ServiceTests/Pods-Food Delivery ServiceTests.release.xcconfig"; sourceTree = "<group>"; };
		8379BAE324EB5F1700EE8EB9 /* Menu.storyboard */ = {isa = PBXFileReference; lastKnownFileType = file.storyboard; path = Menu.storyboard; sourceTree = "<group>"; };
		8379BAE524EB5F2D00EE8EB9 /* MyOrder.storyboard */ = {isa = PBXFileReference; lastKnownFileType = file.storyboard; path = MyOrder.storyboard; sourceTree = "<group>"; };
		8379BAE724EB5F3E00EE8EB9 /* Favourite.storyboard */ = {isa = PBXFileReference; lastKnownFileType = file.storyboard; path = Favourite.storyboard; sourceTree = "<group>"; };
		8379BAE924EB5F5700EE8EB9 /* Profile.storyboard */ = {isa = PBXFileReference; lastKnownFileType = file.storyboard; path = Profile.storyboard; sourceTree = "<group>"; };
		8379BAEB24EB76A000EE8EB9 /* Authentication.storyboard */ = {isa = PBXFileReference; lastKnownFileType = file.storyboard; path = Authentication.storyboard; sourceTree = "<group>"; };
		8379BAED24EB7E8400EE8EB9 /* Color.swift */ = {isa = PBXFileReference; lastKnownFileType = sourcecode.swift; path = Color.swift; sourceTree = "<group>"; };
		8379BAEF24EB7E9000EE8EB9 /* Font.swift */ = {isa = PBXFileReference; lastKnownFileType = sourcecode.swift; path = Font.swift; sourceTree = "<group>"; };
		8379BAF124EB7EA100EE8EB9 /* String.swift */ = {isa = PBXFileReference; lastKnownFileType = sourcecode.swift; path = String.swift; sourceTree = "<group>"; };
		83B22EB02548D146005806DC /* ProfileController.swift */ = {isa = PBXFileReference; lastKnownFileType = sourcecode.swift; path = ProfileController.swift; sourceTree = "<group>"; };
		83B22EBA2548D3CB005806DC /* ProfileModel.swift */ = {isa = PBXFileReference; lastKnownFileType = sourcecode.swift; path = ProfileModel.swift; sourceTree = "<group>"; };
		83B22F102548E21C005806DC /* ProfileController+TableView.swift */ = {isa = PBXFileReference; lastKnownFileType = sourcecode.swift; path = "ProfileController+TableView.swift"; sourceTree = "<group>"; };
		83B22F462548E2E2005806DC /* ProfileCell.swift */ = {isa = PBXFileReference; lastKnownFileType = sourcecode.swift; path = ProfileCell.swift; sourceTree = "<group>"; };
		83C4CAAF24E8AEAC000841D2 /* Food Delivery Service.app */ = {isa = PBXFileReference; explicitFileType = wrapper.application; includeInIndex = 0; path = "Food Delivery Service.app"; sourceTree = BUILT_PRODUCTS_DIR; };
		83C4CAB224E8AEAC000841D2 /* AppDelegate.swift */ = {isa = PBXFileReference; lastKnownFileType = sourcecode.swift; path = AppDelegate.swift; sourceTree = "<group>"; };
		83C4CAB424E8AEAC000841D2 /* SceneDelegate.swift */ = {isa = PBXFileReference; lastKnownFileType = sourcecode.swift; path = SceneDelegate.swift; sourceTree = "<group>"; };
		83C4CAB924E8AEAC000841D2 /* Base */ = {isa = PBXFileReference; lastKnownFileType = file.storyboard; name = Base; path = Base.lproj/Main.storyboard; sourceTree = "<group>"; };
		83C4CABB24E8AEB1000841D2 /* Assets.xcassets */ = {isa = PBXFileReference; lastKnownFileType = folder.assetcatalog; path = Assets.xcassets; sourceTree = "<group>"; };
		83C4CABE24E8AEB1000841D2 /* Base */ = {isa = PBXFileReference; lastKnownFileType = file.storyboard; name = Base; path = Base.lproj/LaunchScreen.storyboard; sourceTree = "<group>"; };
		83C4CAC024E8AEB1000841D2 /* Info.plist */ = {isa = PBXFileReference; lastKnownFileType = text.plist.xml; path = Info.plist; sourceTree = "<group>"; };
		83C4CAC524E8AEB1000841D2 /* Food Delivery ServiceTests.xctest */ = {isa = PBXFileReference; explicitFileType = wrapper.cfbundle; includeInIndex = 0; path = "Food Delivery ServiceTests.xctest"; sourceTree = BUILT_PRODUCTS_DIR; };
		83C4CAC924E8AEB1000841D2 /* Food_Delivery_ServiceTests.swift */ = {isa = PBXFileReference; lastKnownFileType = sourcecode.swift; path = Food_Delivery_ServiceTests.swift; sourceTree = "<group>"; };
		83C4CACB24E8AEB1000841D2 /* Info.plist */ = {isa = PBXFileReference; lastKnownFileType = text.plist.xml; path = Info.plist; sourceTree = "<group>"; };
		83C4CAD024E8AEB1000841D2 /* Food Delivery ServiceUITests.xctest */ = {isa = PBXFileReference; explicitFileType = wrapper.cfbundle; includeInIndex = 0; path = "Food Delivery ServiceUITests.xctest"; sourceTree = BUILT_PRODUCTS_DIR; };
		83C4CAD424E8AEB1000841D2 /* Food_Delivery_ServiceUITests.swift */ = {isa = PBXFileReference; lastKnownFileType = sourcecode.swift; path = Food_Delivery_ServiceUITests.swift; sourceTree = "<group>"; };
		83C4CAD624E8AEB1000841D2 /* Info.plist */ = {isa = PBXFileReference; lastKnownFileType = text.plist.xml; path = Info.plist; sourceTree = "<group>"; };
		83C4CAE224E8B129000841D2 /* GoogleService-Info.plist */ = {isa = PBXFileReference; fileEncoding = 4; lastKnownFileType = text.plist.xml; path = "GoogleService-Info.plist"; sourceTree = "<group>"; };
		83FDDD1C2548EAEC00E134C2 /* TabbarController.swift */ = {isa = PBXFileReference; lastKnownFileType = sourcecode.swift; path = TabbarController.swift; sourceTree = "<group>"; };
		89AE6C20672E69012B5696D6 /* Pods_Food_Delivery_Service.framework */ = {isa = PBXFileReference; explicitFileType = wrapper.framework; includeInIndex = 0; path = Pods_Food_Delivery_Service.framework; sourceTree = BUILT_PRODUCTS_DIR; };
		8EF5FDD6F2B6637F8F71DC62 /* Pods-Food Delivery Service.release.xcconfig */ = {isa = PBXFileReference; includeInIndex = 1; lastKnownFileType = text.xcconfig; name = "Pods-Food Delivery Service.release.xcconfig"; path = "Target Support Files/Pods-Food Delivery Service/Pods-Food Delivery Service.release.xcconfig"; sourceTree = "<group>"; };
		9263C880981CB844CDB96DEC /* Pods-Food Delivery ServiceTests.debug.xcconfig */ = {isa = PBXFileReference; includeInIndex = 1; lastKnownFileType = text.xcconfig; name = "Pods-Food Delivery ServiceTests.debug.xcconfig"; path = "Target Support Files/Pods-Food Delivery ServiceTests/Pods-Food Delivery ServiceTests.debug.xcconfig"; sourceTree = "<group>"; };
		A65C34D2BC6BD5D389180685 /* Pods-Food Delivery Service-Food Delivery ServiceUITests.debug.xcconfig */ = {isa = PBXFileReference; includeInIndex = 1; lastKnownFileType = text.xcconfig; name = "Pods-Food Delivery Service-Food Delivery ServiceUITests.debug.xcconfig"; path = "Target Support Files/Pods-Food Delivery Service-Food Delivery ServiceUITests/Pods-Food Delivery Service-Food Delivery ServiceUITests.debug.xcconfig"; sourceTree = "<group>"; };
		AE975FA1DDD613272B8561F3 /* Pods-Food Delivery Service-Food Delivery ServiceUITests.release.xcconfig */ = {isa = PBXFileReference; includeInIndex = 1; lastKnownFileType = text.xcconfig; name = "Pods-Food Delivery Service-Food Delivery ServiceUITests.release.xcconfig"; path = "Target Support Files/Pods-Food Delivery Service-Food Delivery ServiceUITests/Pods-Food Delivery Service-Food Delivery ServiceUITests.release.xcconfig"; sourceTree = "<group>"; };
		C28E1A6702AD6EE540C2F227 /* Pods_Food_Delivery_ServiceTests.framework */ = {isa = PBXFileReference; explicitFileType = wrapper.framework; includeInIndex = 0; path = Pods_Food_Delivery_ServiceTests.framework; sourceTree = BUILT_PRODUCTS_DIR; };
		CA9328759E54A6B88C8499A2 /* Pods_Food_Delivery_Service_Food_Delivery_ServiceUITests.framework */ = {isa = PBXFileReference; explicitFileType = wrapper.framework; includeInIndex = 0; path = Pods_Food_Delivery_Service_Food_Delivery_ServiceUITests.framework; sourceTree = BUILT_PRODUCTS_DIR; };
		ECF5A630B250E993A075F29E /* Pods-Food Delivery Service.debug.xcconfig */ = {isa = PBXFileReference; includeInIndex = 1; lastKnownFileType = text.xcconfig; name = "Pods-Food Delivery Service.debug.xcconfig"; path = "Target Support Files/Pods-Food Delivery Service/Pods-Food Delivery Service.debug.xcconfig"; sourceTree = "<group>"; };
/* End PBXFileReference section */

/* Begin PBXFrameworksBuildPhase section */
		83C4CAAC24E8AEAC000841D2 /* Frameworks */ = {
			isa = PBXFrameworksBuildPhase;
			buildActionMask = 2147483647;
			files = (
				65E77938414660F19E8D2DDC /* Pods_Food_Delivery_Service.framework in Frameworks */,
			);
			runOnlyForDeploymentPostprocessing = 0;
		};
		83C4CAC224E8AEB1000841D2 /* Frameworks */ = {
			isa = PBXFrameworksBuildPhase;
			buildActionMask = 2147483647;
			files = (
				2DDEE8CA1894CEE67757684F /* Pods_Food_Delivery_ServiceTests.framework in Frameworks */,
			);
			runOnlyForDeploymentPostprocessing = 0;
		};
		83C4CACD24E8AEB1000841D2 /* Frameworks */ = {
			isa = PBXFrameworksBuildPhase;
			buildActionMask = 2147483647;
			files = (
				1DA754F5B991D29737382A6E /* Pods_Food_Delivery_Service_Food_Delivery_ServiceUITests.framework in Frameworks */,
			);
			runOnlyForDeploymentPostprocessing = 0;
		};
/* End PBXFrameworksBuildPhase section */

/* Begin PBXGroup section */
		252B73E92532162D005E51E0 /* Model */ = {
			isa = PBXGroup;
			children = (
				257AE10C2530C315007318B1 /* Basket.swift */,
			);
			path = Model;
			sourceTree = "<group>";
		};
		252B73F0253217AA005E51E0 /* Controller */ = {
			isa = PBXGroup;
			children = (
				257AE12F25310651007318B1 /* OrderController.swift */,
				257AE134253167DF007318B1 /* Extensions */,
			);
			path = Controller;
			sourceTree = "<group>";
		};
		252B73F1253217B3005E51E0 /* Storyboard */ = {
			isa = PBXGroup;
			children = (
				8379BAE524EB5F2D00EE8EB9 /* MyOrder.storyboard */,
			);
			path = Storyboard;
			sourceTree = "<group>";
		};
		252B73F2253217D2005E51E0 /* View */ = {
			isa = PBXGroup;
			children = (
				257AE1772531729B007318B1 /* OrderCell.swift */,
			);
			path = View;
			sourceTree = "<group>";
		};
		257AE12B253104C5007318B1 /* Order */ = {
			isa = PBXGroup;
			children = (
				252B73E92532162D005E51E0 /* Model */,
				252B73F2253217D2005E51E0 /* View */,
				252B73F0253217AA005E51E0 /* Controller */,
				252B73F1253217B3005E51E0 /* Storyboard */,
			);
			path = Order;
			sourceTree = "<group>";
		};
		257AE134253167DF007318B1 /* Extensions */ = {
			isa = PBXGroup;
			children = (
				257AE13525316843007318B1 /* OrderController+TableView.swift */,
			);
			path = Extensions;
			sourceTree = "<group>";
		};
		2581802C253F34B2007AAE14 /* Model */ = {
			isa = PBXGroup;
			children = (
				25818022253DEE88007AAE14 /* MUser.swift */,
			);
			path = Model;
			sourceTree = "<group>";
		};
		2581802D253F34BF007AAE14 /* Controller */ = {
			isa = PBXGroup;
			children = (
				2592815824F2283100D96B2D /* WelcomeController.swift */,
				2560AB2E24F7114C00844F29 /* LoginController.swift */,
				25EA529725073B7800A877EB /* SignUpController.swift */,
				25818027253F34A9007AAE14 /* ForgotPasswordController.swift */,
				83B22EA82548AF85005806DC /* Extensions */,
			);
			path = Controller;
			sourceTree = "<group>";
		};
		2592815324F201BC00D96B2D /* Model */ = {
			isa = PBXGroup;
			children = (
				2592815124F201B800D96B2D /* Category.swift */,
				253C4B97251EB10300135ADC /* Item.swift */,
				25578BDC2596F55F0004D00D /* OrderItem.swift */,
			);
			path = Model;
			sourceTree = "<group>";
		};
		2592815424F2029900D96B2D /* Storyboard */ = {
			isa = PBXGroup;
			children = (
				8379BAE324EB5F1700EE8EB9 /* Menu.storyboard */,
			);
			path = Storyboard;
			sourceTree = "<group>";
		};
		2592815724F227F700D96B2D /* Auth */ = {
			isa = PBXGroup;
			children = (
				2581802D253F34BF007AAE14 /* Controller */,
				2581802C253F34B2007AAE14 /* Model */,
				8379BAEB24EB76A000EE8EB9 /* Authentication.storyboard */,
			);
			path = Auth;
			sourceTree = "<group>";
		};
		25A806DA24EE0A87004E99C2 /* Menu-Explore */ = {
			isa = PBXGroup;
			children = (
				2592815324F201BC00D96B2D /* Model */,
				25A806E124EE1F66004E99C2 /* View */,
				25A806DB24EE0A9A004E99C2 /* Controller */,
				2592815424F2029900D96B2D /* Storyboard */,
			);
			path = "Menu-Explore";
			sourceTree = "<group>";
		};
		25A806DB24EE0A9A004E99C2 /* Controller */ = {
			isa = PBXGroup;
			children = (
				25A806D824EE0A80004E99C2 /* MenuController.swift */,
				253C4B82251EB0AA00135ADC /* ItemsController.swift */,
				257AE0EB252CCDC6007318B1 /* ItemDetailController.swift */,
				25D9B7F62528E6D700B13C22 /* AddItemController.swift */,
				25A806F024EF6FFD004E99C2 /* Extensions */,
			);
			path = Controller;
			sourceTree = "<group>";
		};
		25A806DC24EE0AA6004E99C2 /* Delegates */ = {
			isa = PBXGroup;
			children = (
				83C4CAB224E8AEAC000841D2 /* AppDelegate.swift */,
				83C4CAB424E8AEAC000841D2 /* SceneDelegate.swift */,
			);
			path = Delegates;
			sourceTree = "<group>";
		};
		25A806E124EE1F66004E99C2 /* View */ = {
			isa = PBXGroup;
			children = (
				25A806DF24EE1F32004E99C2 /* MenuCell.swift */,
				253C4B87251EB0CA00135ADC /* ItemCell.swift */,
				25361BD725967276003EF914 /* ItemDetailCollectionReusableView.swift */,
				25361BDC2596728D003EF914 /* ItemDetailCell.swift */,
			);
			path = View;
			sourceTree = "<group>";
		};
		25A806F024EF6FFD004E99C2 /* Extensions */ = {
			isa = PBXGroup;
			children = (
				25CB61B1250F15CC00752646 /* MenuController+UICollectionView.swift */,
				253C4B8F251EB0E900135ADC /* ItemController+UITableView.swift */,
				2581801A253BAA3C007AAE14 /* ItemDetail+UICollectionView.swift */,
				25361BE92596AACE003EF914 /* AddItemController+Gallery.swift */,
			);
			path = Extensions;
			sourceTree = "<group>";
		};
		25A806F324EF78BD004E99C2 /* Utils */ = {
			isa = PBXGroup;
			children = (
				8379BAED24EB7E8400EE8EB9 /* Color.swift */,
				8379BAEF24EB7E9000EE8EB9 /* Font.swift */,
				8379BAF124EB7EA100EE8EB9 /* String.swift */,
				25A806DD24EE1F1A004E99C2 /* Constants.swift */,
				25A806F424EF8BDC004E99C2 /* ReachabilityManager.swift */,
				25A806F124EF758E004E99C2 /* FirebaseCollectionReference.swift */,
				2592815524F2224C00D96B2D /* BTButton.swift */,
				2592815A24F2286100D96B2D /* BTLabel.swift */,
				2560AB2C24F710A000844F29 /* BTTextfield.swift */,
				25D9B844252B6EF700B13C22 /* Helpers.swift */,
				25D9B849252B778400B13C22 /* CurrencyTextField.swift */,
				25D9B850252B791400B13C22 /* Currency.swift */,
				25361BA325955934003EF914 /* Reachability.swift */,
				25361BC525955A3B003EF914 /* Downloader.swift */,
			);
			path = Utils;
			sourceTree = "<group>";
		};
		753064873470445E56BED516 /* Pods */ = {
			isa = PBXGroup;
			children = (
				ECF5A630B250E993A075F29E /* Pods-Food Delivery Service.debug.xcconfig */,
				8EF5FDD6F2B6637F8F71DC62 /* Pods-Food Delivery Service.release.xcconfig */,
				A65C34D2BC6BD5D389180685 /* Pods-Food Delivery Service-Food Delivery ServiceUITests.debug.xcconfig */,
				AE975FA1DDD613272B8561F3 /* Pods-Food Delivery Service-Food Delivery ServiceUITests.release.xcconfig */,
				9263C880981CB844CDB96DEC /* Pods-Food Delivery ServiceTests.debug.xcconfig */,
				5059F7465F2E945D9FB01AF4 /* Pods-Food Delivery ServiceTests.release.xcconfig */,
			);
			path = Pods;
			sourceTree = "<group>";
		};
		8379BAE224EB5EF500EE8EB9 /* Storyboards */ = {
			isa = PBXGroup;
			children = (
				83C4CABD24E8AEB1000841D2 /* LaunchScreen.storyboard */,
				83C4CAB824E8AEAC000841D2 /* Main.storyboard */,
				8379BAE724EB5F3E00EE8EB9 /* Favourite.storyboard */,
				83FDDD1C2548EAEC00E134C2 /* TabbarController.swift */,
			);
			path = Storyboards;
			sourceTree = "<group>";
		};
		83B22EA82548AF85005806DC /* Extensions */ = {
			isa = PBXGroup;
			children = (
			);
			path = Extensions;
			sourceTree = "<group>";
		};
		83B22EAC2548CA99005806DC /* Profile */ = {
			isa = PBXGroup;
			children = (
				83B22EB82548D16E005806DC /* Model */,
				83B22EB72548D167005806DC /* View */,
				83B22EB52548D14B005806DC /* Controller */,
				83B22EB62548D152005806DC /* Storyboard */,
			);
			path = Profile;
			sourceTree = "<group>";
		};
		83B22EB52548D14B005806DC /* Controller */ = {
			isa = PBXGroup;
			children = (
				83B22EB02548D146005806DC /* ProfileController.swift */,
				83B22EB92548D173005806DC /* Extensions */,
			);
			path = Controller;
			sourceTree = "<group>";
		};
		83B22EB62548D152005806DC /* Storyboard */ = {
			isa = PBXGroup;
			children = (
				8379BAE924EB5F5700EE8EB9 /* Profile.storyboard */,
			);
			path = Storyboard;
			sourceTree = "<group>";
		};
		83B22EB72548D167005806DC /* View */ = {
			isa = PBXGroup;
			children = (
				83B22F462548E2E2005806DC /* ProfileCell.swift */,
				2573ECC2259ADE55000144CB /* ProfileHeaderCell.swift */,
			);
			path = View;
			sourceTree = "<group>";
		};
		83B22EB82548D16E005806DC /* Model */ = {
			isa = PBXGroup;
			children = (
				83B22EBA2548D3CB005806DC /* ProfileModel.swift */,
			);
			path = Model;
			sourceTree = "<group>";
		};
		83B22EB92548D173005806DC /* Extensions */ = {
			isa = PBXGroup;
			children = (
				83B22F102548E21C005806DC /* ProfileController+TableView.swift */,
			);
			path = Extensions;
			sourceTree = "<group>";
		};
		83C4CAA624E8AEAC000841D2 = {
			isa = PBXGroup;
			children = (
				83C4CAB124E8AEAC000841D2 /* Food Delivery Service */,
				83C4CAC824E8AEB1000841D2 /* Food Delivery ServiceTests */,
				83C4CAD324E8AEB1000841D2 /* Food Delivery ServiceUITests */,
				83C4CAB024E8AEAC000841D2 /* Products */,
				753064873470445E56BED516 /* Pods */,
				C9E01E04F2357CDDB9FFE697 /* Frameworks */,
			);
			sourceTree = "<group>";
		};
		83C4CAB024E8AEAC000841D2 /* Products */ = {
			isa = PBXGroup;
			children = (
				83C4CAAF24E8AEAC000841D2 /* Food Delivery Service.app */,
				83C4CAC524E8AEB1000841D2 /* Food Delivery ServiceTests.xctest */,
				83C4CAD024E8AEB1000841D2 /* Food Delivery ServiceUITests.xctest */,
			);
			name = Products;
			sourceTree = "<group>";
		};
		83C4CAB124E8AEAC000841D2 /* Food Delivery Service */ = {
			isa = PBXGroup;
			children = (
				25A806DC24EE0AA6004E99C2 /* Delegates */,
				2592815724F227F700D96B2D /* Auth */,
				25A806DA24EE0A87004E99C2 /* Menu-Explore */,
				8379BAE224EB5EF500EE8EB9 /* Storyboards */,
				257AE12B253104C5007318B1 /* Order */,
				83B22EAC2548CA99005806DC /* Profile */,
				83C4CABB24E8AEB1000841D2 /* Assets.xcassets */,
				83C4CAC024E8AEB1000841D2 /* Info.plist */,
				83C4CAE224E8B129000841D2 /* GoogleService-Info.plist */,
				25A806F324EF78BD004E99C2 /* Utils */,
			);
			path = "Food Delivery Service";
			sourceTree = "<group>";
		};
		83C4CAC824E8AEB1000841D2 /* Food Delivery ServiceTests */ = {
			isa = PBXGroup;
			children = (
				83C4CAC924E8AEB1000841D2 /* Food_Delivery_ServiceTests.swift */,
				83C4CACB24E8AEB1000841D2 /* Info.plist */,
			);
			path = "Food Delivery ServiceTests";
			sourceTree = "<group>";
		};
		83C4CAD324E8AEB1000841D2 /* Food Delivery ServiceUITests */ = {
			isa = PBXGroup;
			children = (
				83C4CAD424E8AEB1000841D2 /* Food_Delivery_ServiceUITests.swift */,
				83C4CAD624E8AEB1000841D2 /* Info.plist */,
			);
			path = "Food Delivery ServiceUITests";
			sourceTree = "<group>";
		};
		C9E01E04F2357CDDB9FFE697 /* Frameworks */ = {
			isa = PBXGroup;
			children = (
				89AE6C20672E69012B5696D6 /* Pods_Food_Delivery_Service.framework */,
				CA9328759E54A6B88C8499A2 /* Pods_Food_Delivery_Service_Food_Delivery_ServiceUITests.framework */,
				C28E1A6702AD6EE540C2F227 /* Pods_Food_Delivery_ServiceTests.framework */,
			);
			name = Frameworks;
			sourceTree = "<group>";
		};
/* End PBXGroup section */

/* Begin PBXNativeTarget section */
		83C4CAAE24E8AEAC000841D2 /* Food Delivery Service */ = {
			isa = PBXNativeTarget;
			buildConfigurationList = 83C4CAD924E8AEB1000841D2 /* Build configuration list for PBXNativeTarget "Food Delivery Service" */;
			buildPhases = (
				D25E646528C4BA8E888079E5 /* [CP] Check Pods Manifest.lock */,
				83C4CAAB24E8AEAC000841D2 /* Sources */,
				83C4CAAC24E8AEAC000841D2 /* Frameworks */,
				83C4CAAD24E8AEAC000841D2 /* Resources */,
				AD5C67149A472D265C427ABA /* [CP] Embed Pods Frameworks */,
			);
			buildRules = (
			);
			dependencies = (
			);
			name = "Food Delivery Service";
			productName = "Food Delivery Service";
			productReference = 83C4CAAF24E8AEAC000841D2 /* Food Delivery Service.app */;
			productType = "com.apple.product-type.application";
		};
		83C4CAC424E8AEB1000841D2 /* Food Delivery ServiceTests */ = {
			isa = PBXNativeTarget;
			buildConfigurationList = 83C4CADC24E8AEB1000841D2 /* Build configuration list for PBXNativeTarget "Food Delivery ServiceTests" */;
			buildPhases = (
				DC2921AA8301740138BD4245 /* [CP] Check Pods Manifest.lock */,
				83C4CAC124E8AEB1000841D2 /* Sources */,
				83C4CAC224E8AEB1000841D2 /* Frameworks */,
				83C4CAC324E8AEB1000841D2 /* Resources */,
			);
			buildRules = (
			);
			dependencies = (
				83C4CAC724E8AEB1000841D2 /* PBXTargetDependency */,
			);
			name = "Food Delivery ServiceTests";
			productName = "Food Delivery ServiceTests";
			productReference = 83C4CAC524E8AEB1000841D2 /* Food Delivery ServiceTests.xctest */;
			productType = "com.apple.product-type.bundle.unit-test";
		};
		83C4CACF24E8AEB1000841D2 /* Food Delivery ServiceUITests */ = {
			isa = PBXNativeTarget;
			buildConfigurationList = 83C4CADF24E8AEB1000841D2 /* Build configuration list for PBXNativeTarget "Food Delivery ServiceUITests" */;
			buildPhases = (
				A50A07E36DB3F95D237AC900 /* [CP] Check Pods Manifest.lock */,
				83C4CACC24E8AEB1000841D2 /* Sources */,
				83C4CACD24E8AEB1000841D2 /* Frameworks */,
				83C4CACE24E8AEB1000841D2 /* Resources */,
				339AE5B912E0E01B3440AF6F /* [CP] Embed Pods Frameworks */,
			);
			buildRules = (
			);
			dependencies = (
				83C4CAD224E8AEB1000841D2 /* PBXTargetDependency */,
			);
			name = "Food Delivery ServiceUITests";
			productName = "Food Delivery ServiceUITests";
			productReference = 83C4CAD024E8AEB1000841D2 /* Food Delivery ServiceUITests.xctest */;
			productType = "com.apple.product-type.bundle.ui-testing";
		};
/* End PBXNativeTarget section */

/* Begin PBXProject section */
		83C4CAA724E8AEAC000841D2 /* Project object */ = {
			isa = PBXProject;
			attributes = {
				LastSwiftUpdateCheck = 1160;
				LastUpgradeCheck = 1160;
				ORGANIZATIONNAME = CemilKes;
				TargetAttributes = {
					83C4CAAE24E8AEAC000841D2 = {
						CreatedOnToolsVersion = 11.6;
					};
					83C4CAC424E8AEB1000841D2 = {
						CreatedOnToolsVersion = 11.6;
						TestTargetID = 83C4CAAE24E8AEAC000841D2;
					};
					83C4CACF24E8AEB1000841D2 = {
						CreatedOnToolsVersion = 11.6;
						TestTargetID = 83C4CAAE24E8AEAC000841D2;
					};
				};
			};
			buildConfigurationList = 83C4CAAA24E8AEAC000841D2 /* Build configuration list for PBXProject "Food Delivery Service" */;
			compatibilityVersion = "Xcode 9.3";
			developmentRegion = en;
			hasScannedForEncodings = 0;
			knownRegions = (
				en,
				Base,
			);
			mainGroup = 83C4CAA624E8AEAC000841D2;
			productRefGroup = 83C4CAB024E8AEAC000841D2 /* Products */;
			projectDirPath = "";
			projectRoot = "";
			targets = (
				83C4CAAE24E8AEAC000841D2 /* Food Delivery Service */,
				83C4CAC424E8AEB1000841D2 /* Food Delivery ServiceTests */,
				83C4CACF24E8AEB1000841D2 /* Food Delivery ServiceUITests */,
			);
		};
/* End PBXProject section */

/* Begin PBXResourcesBuildPhase section */
		83C4CAAD24E8AEAC000841D2 /* Resources */ = {
			isa = PBXResourcesBuildPhase;
			buildActionMask = 2147483647;
			files = (
				8379BAE424EB5F1700EE8EB9 /* Menu.storyboard in Resources */,
				8379BAE824EB5F3E00EE8EB9 /* Favourite.storyboard in Resources */,
				8379BAEA24EB5F5700EE8EB9 /* Profile.storyboard in Resources */,
				8379BAE624EB5F2D00EE8EB9 /* MyOrder.storyboard in Resources */,
				83C4CABF24E8AEB1000841D2 /* LaunchScreen.storyboard in Resources */,
				83C4CAE324E8B129000841D2 /* GoogleService-Info.plist in Resources */,
				8379BAEC24EB76A000EE8EB9 /* Authentication.storyboard in Resources */,
				83C4CABC24E8AEB1000841D2 /* Assets.xcassets in Resources */,
				83C4CABA24E8AEAC000841D2 /* Main.storyboard in Resources */,
			);
			runOnlyForDeploymentPostprocessing = 0;
		};
		83C4CAC324E8AEB1000841D2 /* Resources */ = {
			isa = PBXResourcesBuildPhase;
			buildActionMask = 2147483647;
			files = (
			);
			runOnlyForDeploymentPostprocessing = 0;
		};
		83C4CACE24E8AEB1000841D2 /* Resources */ = {
			isa = PBXResourcesBuildPhase;
			buildActionMask = 2147483647;
			files = (
			);
			runOnlyForDeploymentPostprocessing = 0;
		};
/* End PBXResourcesBuildPhase section */

/* Begin PBXShellScriptBuildPhase section */
		339AE5B912E0E01B3440AF6F /* [CP] Embed Pods Frameworks */ = {
			isa = PBXShellScriptBuildPhase;
			buildActionMask = 2147483647;
			files = (
			);
			inputFileListPaths = (
				"${PODS_ROOT}/Target Support Files/Pods-Food Delivery Service-Food Delivery ServiceUITests/Pods-Food Delivery Service-Food Delivery ServiceUITests-frameworks-${CONFIGURATION}-input-files.xcfilelist",
			);
			name = "[CP] Embed Pods Frameworks";
			outputFileListPaths = (
				"${PODS_ROOT}/Target Support Files/Pods-Food Delivery Service-Food Delivery ServiceUITests/Pods-Food Delivery Service-Food Delivery ServiceUITests-frameworks-${CONFIGURATION}-output-files.xcfilelist",
			);
			runOnlyForDeploymentPostprocessing = 0;
			shellPath = /bin/sh;
			shellScript = "\"${PODS_ROOT}/Target Support Files/Pods-Food Delivery Service-Food Delivery ServiceUITests/Pods-Food Delivery Service-Food Delivery ServiceUITests-frameworks.sh\"\n";
			showEnvVarsInLog = 0;
		};
		A50A07E36DB3F95D237AC900 /* [CP] Check Pods Manifest.lock */ = {
			isa = PBXShellScriptBuildPhase;
			buildActionMask = 2147483647;
			files = (
			);
			inputFileListPaths = (
			);
			inputPaths = (
				"${PODS_PODFILE_DIR_PATH}/Podfile.lock",
				"${PODS_ROOT}/Manifest.lock",
			);
			name = "[CP] Check Pods Manifest.lock";
			outputFileListPaths = (
			);
			outputPaths = (
				"$(DERIVED_FILE_DIR)/Pods-Food Delivery Service-Food Delivery ServiceUITests-checkManifestLockResult.txt",
			);
			runOnlyForDeploymentPostprocessing = 0;
			shellPath = /bin/sh;
			shellScript = "diff \"${PODS_PODFILE_DIR_PATH}/Podfile.lock\" \"${PODS_ROOT}/Manifest.lock\" > /dev/null\nif [ $? != 0 ] ; then\n    # print error to STDERR\n    echo \"error: The sandbox is not in sync with the Podfile.lock. Run 'pod install' or update your CocoaPods installation.\" >&2\n    exit 1\nfi\n# This output is used by Xcode 'outputs' to avoid re-running this script phase.\necho \"SUCCESS\" > \"${SCRIPT_OUTPUT_FILE_0}\"\n";
			showEnvVarsInLog = 0;
		};
		AD5C67149A472D265C427ABA /* [CP] Embed Pods Frameworks */ = {
			isa = PBXShellScriptBuildPhase;
			buildActionMask = 2147483647;
			files = (
			);
			inputFileListPaths = (
				"${PODS_ROOT}/Target Support Files/Pods-Food Delivery Service/Pods-Food Delivery Service-frameworks-${CONFIGURATION}-input-files.xcfilelist",
			);
			name = "[CP] Embed Pods Frameworks";
			outputFileListPaths = (
				"${PODS_ROOT}/Target Support Files/Pods-Food Delivery Service/Pods-Food Delivery Service-frameworks-${CONFIGURATION}-output-files.xcfilelist",
			);
			runOnlyForDeploymentPostprocessing = 0;
			shellPath = /bin/sh;
			shellScript = "\"${PODS_ROOT}/Target Support Files/Pods-Food Delivery Service/Pods-Food Delivery Service-frameworks.sh\"\n";
			showEnvVarsInLog = 0;
		};
		D25E646528C4BA8E888079E5 /* [CP] Check Pods Manifest.lock */ = {
			isa = PBXShellScriptBuildPhase;
			buildActionMask = 2147483647;
			files = (
			);
			inputFileListPaths = (
			);
			inputPaths = (
				"${PODS_PODFILE_DIR_PATH}/Podfile.lock",
				"${PODS_ROOT}/Manifest.lock",
			);
			name = "[CP] Check Pods Manifest.lock";
			outputFileListPaths = (
			);
			outputPaths = (
				"$(DERIVED_FILE_DIR)/Pods-Food Delivery Service-checkManifestLockResult.txt",
			);
			runOnlyForDeploymentPostprocessing = 0;
			shellPath = /bin/sh;
			shellScript = "diff \"${PODS_PODFILE_DIR_PATH}/Podfile.lock\" \"${PODS_ROOT}/Manifest.lock\" > /dev/null\nif [ $? != 0 ] ; then\n    # print error to STDERR\n    echo \"error: The sandbox is not in sync with the Podfile.lock. Run 'pod install' or update your CocoaPods installation.\" >&2\n    exit 1\nfi\n# This output is used by Xcode 'outputs' to avoid re-running this script phase.\necho \"SUCCESS\" > \"${SCRIPT_OUTPUT_FILE_0}\"\n";
			showEnvVarsInLog = 0;
		};
		DC2921AA8301740138BD4245 /* [CP] Check Pods Manifest.lock */ = {
			isa = PBXShellScriptBuildPhase;
			buildActionMask = 2147483647;
			files = (
			);
			inputFileListPaths = (
			);
			inputPaths = (
				"${PODS_PODFILE_DIR_PATH}/Podfile.lock",
				"${PODS_ROOT}/Manifest.lock",
			);
			name = "[CP] Check Pods Manifest.lock";
			outputFileListPaths = (
			);
			outputPaths = (
				"$(DERIVED_FILE_DIR)/Pods-Food Delivery ServiceTests-checkManifestLockResult.txt",
			);
			runOnlyForDeploymentPostprocessing = 0;
			shellPath = /bin/sh;
			shellScript = "diff \"${PODS_PODFILE_DIR_PATH}/Podfile.lock\" \"${PODS_ROOT}/Manifest.lock\" > /dev/null\nif [ $? != 0 ] ; then\n    # print error to STDERR\n    echo \"error: The sandbox is not in sync with the Podfile.lock. Run 'pod install' or update your CocoaPods installation.\" >&2\n    exit 1\nfi\n# This output is used by Xcode 'outputs' to avoid re-running this script phase.\necho \"SUCCESS\" > \"${SCRIPT_OUTPUT_FILE_0}\"\n";
			showEnvVarsInLog = 0;
		};
/* End PBXShellScriptBuildPhase section */

/* Begin PBXSourcesBuildPhase section */
		83C4CAAB24E8AEAC000841D2 /* Sources */ = {
			isa = PBXSourcesBuildPhase;
			buildActionMask = 2147483647;
			files = (
				83B22EB12548D146005806DC /* ProfileController.swift in Sources */,
				2592815624F2224C00D96B2D /* BTButton.swift in Sources */,
				25578BDD2596F55F0004D00D /* OrderItem.swift in Sources */,
				8379BAF224EB7EA100EE8EB9 /* String.swift in Sources */,
				25A806F524EF8BDC004E99C2 /* ReachabilityManager.swift in Sources */,
				253C4B83251EB0AA00135ADC /* ItemsController.swift in Sources */,
				253C4B88251EB0CA00135ADC /* ItemCell.swift in Sources */,
				2581801B253BAA3C007AAE14 /* ItemDetail+UICollectionView.swift in Sources */,
				25CB61B2250F15CC00752646 /* MenuController+UICollectionView.swift in Sources */,
				253C4B98251EB10300135ADC /* Item.swift in Sources */,
				2573ECC3259ADE55000144CB /* ProfileHeaderCell.swift in Sources */,
				83B22F112548E21C005806DC /* ProfileController+TableView.swift in Sources */,
				25A806D924EE0A80004E99C2 /* MenuController.swift in Sources */,
				25D9B851252B791400B13C22 /* Currency.swift in Sources */,
				257AE10D2530C315007318B1 /* Basket.swift in Sources */,
				25361BEA2596AACE003EF914 /* AddItemController+Gallery.swift in Sources */,
				25A806F224EF758E004E99C2 /* FirebaseCollectionReference.swift in Sources */,
				8379BAEE24EB7E8400EE8EB9 /* Color.swift in Sources */,
				83B22F472548E2E2005806DC /* ProfileCell.swift in Sources */,
				83FDDD1D2548EAEC00E134C2 /* TabbarController.swift in Sources */,
				25361BD825967276003EF914 /* ItemDetailCollectionReusableView.swift in Sources */,
				8379BAF024EB7E9000EE8EB9 /* Font.swift in Sources */,
				2560AB2D24F710A000844F29 /* BTTextfield.swift in Sources */,
				25361BC625955A3B003EF914 /* Downloader.swift in Sources */,
				25A806DE24EE1F1A004E99C2 /* Constants.swift in Sources */,
				25D9B84A252B778400B13C22 /* CurrencyTextField.swift in Sources */,
				257AE0EC252CCDC6007318B1 /* ItemDetailController.swift in Sources */,
				25D9B7F72528E6D700B13C22 /* AddItemController.swift in Sources */,
				25EA529825073B7800A877EB /* SignUpController.swift in Sources */,
				2592815924F2283100D96B2D /* WelcomeController.swift in Sources */,
				83C4CAB324E8AEAC000841D2 /* AppDelegate.swift in Sources */,
				83B22EBB2548D3CB005806DC /* ProfileModel.swift in Sources */,
				25818023253DEE88007AAE14 /* MUser.swift in Sources */,
				25A806E024EE1F32004E99C2 /* MenuCell.swift in Sources */,
				2592815B24F2286100D96B2D /* BTLabel.swift in Sources */,
				25818028253F34A9007AAE14 /* ForgotPasswordController.swift in Sources */,
				25D9B845252B6EF700B13C22 /* Helpers.swift in Sources */,
				2560AB2F24F7114C00844F29 /* LoginController.swift in Sources */,
				253C4B90251EB0E900135ADC /* ItemController+UITableView.swift in Sources */,
				83C4CAB524E8AEAC000841D2 /* SceneDelegate.swift in Sources */,
				25361BDD2596728D003EF914 /* ItemDetailCell.swift in Sources */,
				257AE1782531729B007318B1 /* OrderCell.swift in Sources */,
				257AE13025310651007318B1 /* OrderController.swift in Sources */,
				257AE13625316843007318B1 /* OrderController+TableView.swift in Sources */,
				25361BA425955934003EF914 /* Reachability.swift in Sources */,
				2592815224F201B800D96B2D /* Category.swift in Sources */,
			);
			runOnlyForDeploymentPostprocessing = 0;
		};
		83C4CAC124E8AEB1000841D2 /* Sources */ = {
			isa = PBXSourcesBuildPhase;
			buildActionMask = 2147483647;
			files = (
				83C4CACA24E8AEB1000841D2 /* Food_Delivery_ServiceTests.swift in Sources */,
			);
			runOnlyForDeploymentPostprocessing = 0;
		};
		83C4CACC24E8AEB1000841D2 /* Sources */ = {
			isa = PBXSourcesBuildPhase;
			buildActionMask = 2147483647;
			files = (
				83C4CAD524E8AEB1000841D2 /* Food_Delivery_ServiceUITests.swift in Sources */,
			);
			runOnlyForDeploymentPostprocessing = 0;
		};
/* End PBXSourcesBuildPhase section */

/* Begin PBXTargetDependency section */
		83C4CAC724E8AEB1000841D2 /* PBXTargetDependency */ = {
			isa = PBXTargetDependency;
			target = 83C4CAAE24E8AEAC000841D2 /* Food Delivery Service */;
			targetProxy = 83C4CAC624E8AEB1000841D2 /* PBXContainerItemProxy */;
		};
		83C4CAD224E8AEB1000841D2 /* PBXTargetDependency */ = {
			isa = PBXTargetDependency;
			target = 83C4CAAE24E8AEAC000841D2 /* Food Delivery Service */;
			targetProxy = 83C4CAD124E8AEB1000841D2 /* PBXContainerItemProxy */;
		};
/* End PBXTargetDependency section */

/* Begin PBXVariantGroup section */
		83C4CAB824E8AEAC000841D2 /* Main.storyboard */ = {
			isa = PBXVariantGroup;
			children = (
				83C4CAB924E8AEAC000841D2 /* Base */,
			);
			name = Main.storyboard;
			sourceTree = "<group>";
		};
		83C4CABD24E8AEB1000841D2 /* LaunchScreen.storyboard */ = {
			isa = PBXVariantGroup;
			children = (
				83C4CABE24E8AEB1000841D2 /* Base */,
			);
			name = LaunchScreen.storyboard;
			sourceTree = "<group>";
		};
/* End PBXVariantGroup section */

/* Begin XCBuildConfiguration section */
		83C4CAD724E8AEB1000841D2 /* Debug */ = {
			isa = XCBuildConfiguration;
			buildSettings = {
				ALWAYS_SEARCH_USER_PATHS = NO;
				CLANG_ANALYZER_NONNULL = YES;
				CLANG_ANALYZER_NUMBER_OBJECT_CONVERSION = YES_AGGRESSIVE;
				CLANG_CXX_LANGUAGE_STANDARD = "gnu++14";
				CLANG_CXX_LIBRARY = "libc++";
				CLANG_ENABLE_MODULES = YES;
				CLANG_ENABLE_OBJC_ARC = YES;
				CLANG_ENABLE_OBJC_WEAK = YES;
				CLANG_WARN_BLOCK_CAPTURE_AUTORELEASING = YES;
				CLANG_WARN_BOOL_CONVERSION = YES;
				CLANG_WARN_COMMA = YES;
				CLANG_WARN_CONSTANT_CONVERSION = YES;
				CLANG_WARN_DEPRECATED_OBJC_IMPLEMENTATIONS = YES;
				CLANG_WARN_DIRECT_OBJC_ISA_USAGE = YES_ERROR;
				CLANG_WARN_DOCUMENTATION_COMMENTS = YES;
				CLANG_WARN_EMPTY_BODY = YES;
				CLANG_WARN_ENUM_CONVERSION = YES;
				CLANG_WARN_INFINITE_RECURSION = YES;
				CLANG_WARN_INT_CONVERSION = YES;
				CLANG_WARN_NON_LITERAL_NULL_CONVERSION = YES;
				CLANG_WARN_OBJC_IMPLICIT_RETAIN_SELF = YES;
				CLANG_WARN_OBJC_LITERAL_CONVERSION = YES;
				CLANG_WARN_OBJC_ROOT_CLASS = YES_ERROR;
				CLANG_WARN_RANGE_LOOP_ANALYSIS = YES;
				CLANG_WARN_STRICT_PROTOTYPES = YES;
				CLANG_WARN_SUSPICIOUS_MOVE = YES;
				CLANG_WARN_UNGUARDED_AVAILABILITY = YES_AGGRESSIVE;
				CLANG_WARN_UNREACHABLE_CODE = YES;
				CLANG_WARN__DUPLICATE_METHOD_MATCH = YES;
				COPY_PHASE_STRIP = NO;
				DEBUG_INFORMATION_FORMAT = dwarf;
				ENABLE_STRICT_OBJC_MSGSEND = YES;
				ENABLE_TESTABILITY = YES;
				GCC_C_LANGUAGE_STANDARD = gnu11;
				GCC_DYNAMIC_NO_PIC = NO;
				GCC_NO_COMMON_BLOCKS = YES;
				GCC_OPTIMIZATION_LEVEL = 0;
				GCC_PREPROCESSOR_DEFINITIONS = (
					"DEBUG=1",
					"$(inherited)",
				);
				GCC_WARN_64_TO_32_BIT_CONVERSION = YES;
				GCC_WARN_ABOUT_RETURN_TYPE = YES_ERROR;
				GCC_WARN_UNDECLARED_SELECTOR = YES;
				GCC_WARN_UNINITIALIZED_AUTOS = YES_AGGRESSIVE;
				GCC_WARN_UNUSED_FUNCTION = YES;
				GCC_WARN_UNUSED_VARIABLE = YES;
				IPHONEOS_DEPLOYMENT_TARGET = 13.6;
				MTL_ENABLE_DEBUG_INFO = INCLUDE_SOURCE;
				MTL_FAST_MATH = YES;
				ONLY_ACTIVE_ARCH = YES;
				SDKROOT = iphoneos;
				SWIFT_ACTIVE_COMPILATION_CONDITIONS = DEBUG;
				SWIFT_OPTIMIZATION_LEVEL = "-Onone";
			};
			name = Debug;
		};
		83C4CAD824E8AEB1000841D2 /* Release */ = {
			isa = XCBuildConfiguration;
			buildSettings = {
				ALWAYS_SEARCH_USER_PATHS = NO;
				CLANG_ANALYZER_NONNULL = YES;
				CLANG_ANALYZER_NUMBER_OBJECT_CONVERSION = YES_AGGRESSIVE;
				CLANG_CXX_LANGUAGE_STANDARD = "gnu++14";
				CLANG_CXX_LIBRARY = "libc++";
				CLANG_ENABLE_MODULES = YES;
				CLANG_ENABLE_OBJC_ARC = YES;
				CLANG_ENABLE_OBJC_WEAK = YES;
				CLANG_WARN_BLOCK_CAPTURE_AUTORELEASING = YES;
				CLANG_WARN_BOOL_CONVERSION = YES;
				CLANG_WARN_COMMA = YES;
				CLANG_WARN_CONSTANT_CONVERSION = YES;
				CLANG_WARN_DEPRECATED_OBJC_IMPLEMENTATIONS = YES;
				CLANG_WARN_DIRECT_OBJC_ISA_USAGE = YES_ERROR;
				CLANG_WARN_DOCUMENTATION_COMMENTS = YES;
				CLANG_WARN_EMPTY_BODY = YES;
				CLANG_WARN_ENUM_CONVERSION = YES;
				CLANG_WARN_INFINITE_RECURSION = YES;
				CLANG_WARN_INT_CONVERSION = YES;
				CLANG_WARN_NON_LITERAL_NULL_CONVERSION = YES;
				CLANG_WARN_OBJC_IMPLICIT_RETAIN_SELF = YES;
				CLANG_WARN_OBJC_LITERAL_CONVERSION = YES;
				CLANG_WARN_OBJC_ROOT_CLASS = YES_ERROR;
				CLANG_WARN_RANGE_LOOP_ANALYSIS = YES;
				CLANG_WARN_STRICT_PROTOTYPES = YES;
				CLANG_WARN_SUSPICIOUS_MOVE = YES;
				CLANG_WARN_UNGUARDED_AVAILABILITY = YES_AGGRESSIVE;
				CLANG_WARN_UNREACHABLE_CODE = YES;
				CLANG_WARN__DUPLICATE_METHOD_MATCH = YES;
				COPY_PHASE_STRIP = NO;
				DEBUG_INFORMATION_FORMAT = "dwarf-with-dsym";
				ENABLE_NS_ASSERTIONS = NO;
				ENABLE_STRICT_OBJC_MSGSEND = YES;
				GCC_C_LANGUAGE_STANDARD = gnu11;
				GCC_NO_COMMON_BLOCKS = YES;
				GCC_WARN_64_TO_32_BIT_CONVERSION = YES;
				GCC_WARN_ABOUT_RETURN_TYPE = YES_ERROR;
				GCC_WARN_UNDECLARED_SELECTOR = YES;
				GCC_WARN_UNINITIALIZED_AUTOS = YES_AGGRESSIVE;
				GCC_WARN_UNUSED_FUNCTION = YES;
				GCC_WARN_UNUSED_VARIABLE = YES;
				IPHONEOS_DEPLOYMENT_TARGET = 13.6;
				MTL_ENABLE_DEBUG_INFO = NO;
				MTL_FAST_MATH = YES;
				SDKROOT = iphoneos;
				SWIFT_COMPILATION_MODE = wholemodule;
				SWIFT_OPTIMIZATION_LEVEL = "-O";
				VALIDATE_PRODUCT = YES;
			};
			name = Release;
		};
		83C4CADA24E8AEB1000841D2 /* Debug */ = {
			isa = XCBuildConfiguration;
			baseConfigurationReference = ECF5A630B250E993A075F29E /* Pods-Food Delivery Service.debug.xcconfig */;
			buildSettings = {
				ASSETCATALOG_COMPILER_APPICON_NAME = AppIcon;
				CODE_SIGN_STYLE = Automatic;
				DEVELOPMENT_TEAM = 2BNS7WZJ58;
				INFOPLIST_FILE = "Food Delivery Service/Info.plist";
				IPHONEOS_DEPLOYMENT_TARGET = 13.5;
				LD_RUNPATH_SEARCH_PATHS = (
					"$(inherited)",
					"@executable_path/Frameworks",
				);
				PRODUCT_BUNDLE_IDENTIFIER = "cemilkes.Food-Delivery-Service";
				PRODUCT_NAME = "$(TARGET_NAME)";
				SWIFT_VERSION = 5.0;
				TARGETED_DEVICE_FAMILY = 1;
			};
			name = Debug;
		};
		83C4CADB24E8AEB1000841D2 /* Release */ = {
			isa = XCBuildConfiguration;
			baseConfigurationReference = 8EF5FDD6F2B6637F8F71DC62 /* Pods-Food Delivery Service.release.xcconfig */;
			buildSettings = {
				ASSETCATALOG_COMPILER_APPICON_NAME = AppIcon;
				CODE_SIGN_STYLE = Automatic;
				DEVELOPMENT_TEAM = 2BNS7WZJ58;
				INFOPLIST_FILE = "Food Delivery Service/Info.plist";
				IPHONEOS_DEPLOYMENT_TARGET = 13.5;
				LD_RUNPATH_SEARCH_PATHS = (
					"$(inherited)",
					"@executable_path/Frameworks",
				);
				PRODUCT_BUNDLE_IDENTIFIER = "cemilkes.Food-Delivery-Service";
				PRODUCT_NAME = "$(TARGET_NAME)";
				SWIFT_VERSION = 5.0;
				TARGETED_DEVICE_FAMILY = 1;
			};
			name = Release;
		};
		83C4CADD24E8AEB1000841D2 /* Debug */ = {
			isa = XCBuildConfiguration;
			baseConfigurationReference = 9263C880981CB844CDB96DEC /* Pods-Food Delivery ServiceTests.debug.xcconfig */;
			buildSettings = {
				ALWAYS_EMBED_SWIFT_STANDARD_LIBRARIES = YES;
				BUNDLE_LOADER = "$(TEST_HOST)";
				CODE_SIGN_STYLE = Automatic;
				DEVELOPMENT_TEAM = 2BNS7WZJ58;
				INFOPLIST_FILE = "Food Delivery ServiceTests/Info.plist";
				IPHONEOS_DEPLOYMENT_TARGET = 13.6;
				LD_RUNPATH_SEARCH_PATHS = (
					"$(inherited)",
					"@executable_path/Frameworks",
					"@loader_path/Frameworks",
				);
				PRODUCT_BUNDLE_IDENTIFIER = "cemilkes.Food-Delivery-ServiceTests";
				PRODUCT_NAME = "$(TARGET_NAME)";
				SWIFT_VERSION = 5.0;
				TARGETED_DEVICE_FAMILY = "1,2";
				TEST_HOST = "$(BUILT_PRODUCTS_DIR)/Food Delivery Service.app/Food Delivery Service";
			};
			name = Debug;
		};
		83C4CADE24E8AEB1000841D2 /* Release */ = {
			isa = XCBuildConfiguration;
			baseConfigurationReference = 5059F7465F2E945D9FB01AF4 /* Pods-Food Delivery ServiceTests.release.xcconfig */;
			buildSettings = {
				ALWAYS_EMBED_SWIFT_STANDARD_LIBRARIES = YES;
				BUNDLE_LOADER = "$(TEST_HOST)";
				CODE_SIGN_STYLE = Automatic;
				DEVELOPMENT_TEAM = 2BNS7WZJ58;
				INFOPLIST_FILE = "Food Delivery ServiceTests/Info.plist";
				IPHONEOS_DEPLOYMENT_TARGET = 13.6;
				LD_RUNPATH_SEARCH_PATHS = (
					"$(inherited)",
					"@executable_path/Frameworks",
					"@loader_path/Frameworks",
				);
				PRODUCT_BUNDLE_IDENTIFIER = "cemilkes.Food-Delivery-ServiceTests";
				PRODUCT_NAME = "$(TARGET_NAME)";
				SWIFT_VERSION = 5.0;
				TARGETED_DEVICE_FAMILY = "1,2";
				TEST_HOST = "$(BUILT_PRODUCTS_DIR)/Food Delivery Service.app/Food Delivery Service";
			};
			name = Release;
		};
		83C4CAE024E8AEB1000841D2 /* Debug */ = {
			isa = XCBuildConfiguration;
			baseConfigurationReference = A65C34D2BC6BD5D389180685 /* Pods-Food Delivery Service-Food Delivery ServiceUITests.debug.xcconfig */;
			buildSettings = {
				ALWAYS_EMBED_SWIFT_STANDARD_LIBRARIES = YES;
				CODE_SIGN_STYLE = Automatic;
				DEVELOPMENT_TEAM = 2BNS7WZJ58;
				INFOPLIST_FILE = "Food Delivery ServiceUITests/Info.plist";
				LD_RUNPATH_SEARCH_PATHS = (
					"$(inherited)",
					"@executable_path/Frameworks",
					"@loader_path/Frameworks",
				);
				PRODUCT_BUNDLE_IDENTIFIER = "cemilkes.Food-Delivery-ServiceUITests";
				PRODUCT_NAME = "$(TARGET_NAME)";
				SWIFT_VERSION = 5.0;
				TARGETED_DEVICE_FAMILY = "1,2";
				TEST_TARGET_NAME = "Food Delivery Service";
			};
			name = Debug;
		};
		83C4CAE124E8AEB1000841D2 /* Release */ = {
			isa = XCBuildConfiguration;
			baseConfigurationReference = AE975FA1DDD613272B8561F3 /* Pods-Food Delivery Service-Food Delivery ServiceUITests.release.xcconfig */;
			buildSettings = {
				ALWAYS_EMBED_SWIFT_STANDARD_LIBRARIES = YES;
				CODE_SIGN_STYLE = Automatic;
				DEVELOPMENT_TEAM = 2BNS7WZJ58;
				INFOPLIST_FILE = "Food Delivery ServiceUITests/Info.plist";
				LD_RUNPATH_SEARCH_PATHS = (
					"$(inherited)",
					"@executable_path/Frameworks",
					"@loader_path/Frameworks",
				);
				PRODUCT_BUNDLE_IDENTIFIER = "cemilkes.Food-Delivery-ServiceUITests";
				PRODUCT_NAME = "$(TARGET_NAME)";
				SWIFT_VERSION = 5.0;
				TARGETED_DEVICE_FAMILY = "1,2";
				TEST_TARGET_NAME = "Food Delivery Service";
			};
			name = Release;
		};
/* End XCBuildConfiguration section */

/* Begin XCConfigurationList section */
		83C4CAAA24E8AEAC000841D2 /* Build configuration list for PBXProject "Food Delivery Service" */ = {
			isa = XCConfigurationList;
			buildConfigurations = (
				83C4CAD724E8AEB1000841D2 /* Debug */,
				83C4CAD824E8AEB1000841D2 /* Release */,
			);
			defaultConfigurationIsVisible = 0;
			defaultConfigurationName = Release;
		};
		83C4CAD924E8AEB1000841D2 /* Build configuration list for PBXNativeTarget "Food Delivery Service" */ = {
			isa = XCConfigurationList;
			buildConfigurations = (
				83C4CADA24E8AEB1000841D2 /* Debug */,
				83C4CADB24E8AEB1000841D2 /* Release */,
			);
			defaultConfigurationIsVisible = 0;
			defaultConfigurationName = Release;
		};
		83C4CADC24E8AEB1000841D2 /* Build configuration list for PBXNativeTarget "Food Delivery ServiceTests" */ = {
			isa = XCConfigurationList;
			buildConfigurations = (
				83C4CADD24E8AEB1000841D2 /* Debug */,
				83C4CADE24E8AEB1000841D2 /* Release */,
			);
			defaultConfigurationIsVisible = 0;
			defaultConfigurationName = Release;
		};
		83C4CADF24E8AEB1000841D2 /* Build configuration list for PBXNativeTarget "Food Delivery ServiceUITests" */ = {
			isa = XCConfigurationList;
			buildConfigurations = (
				83C4CAE024E8AEB1000841D2 /* Debug */,
				83C4CAE124E8AEB1000841D2 /* Release */,
			);
			defaultConfigurationIsVisible = 0;
			defaultConfigurationName = Release;
		};
/* End XCConfigurationList section */
	};
	rootObject = 83C4CAA724E8AEAC000841D2 /* Project object */;
}
